{
  "name": "rcon_app",
  "version": "1.0.0",
  "lockfileVersion": 3,
  "requires": true,
  "packages": {
    "": {
      "name": "rcon_app",
      "version": "1.0.0",
      "dependencies": {
        "ws": "^6.1.3"
      }
    },
    "node_modules/async-limiter": {
      "version": "1.0.1",
      "resolved": "https://registry.npmjs.org/async-limiter/-/async-limiter-1.0.1.tgz",
      "integrity": "sha512-csOlWGAcRFJaI6m+F2WKdnMKr4HhdhFVBk0H/QbJFMCr+uO2kwohwXQPxw/9OCxp05r5ghVBFSyioixx3gfkNQ==",
      "license": "MIT"
    },
    "node_modules/ws": {
      "version": "6.2.4",
      "resolved": "https://registry.npmjs.org/ws/-/ws-6.2.4.tgz",
      "integrity": "sha512-PNIUUyLI5YpkJZj60YBzX1o0ByQ4ovvfmq9N/Kig/PAYbVlGyz4R6G0SEWrD0O9acc0sT2+IdMBVLFv8FSi0Nw==",
      "license": "MIT",
      "dependencies": {
        "async-limiter": "~1.0.0"
      }
    }
  }
}
